// !$*UTF8*$!
{
	archiveVersion = 1;
	classes = {
	};
	objectVersion = 46;
	objects = {

/* Begin PBXBuildFile section */
		0E4A3CE81F1E470700C20739 /* AppDelegate.swift in Sources */ = {isa = PBXBuildFile; fileRef = 0E4A3CE71F1E470700C20739 /* AppDelegate.swift */; };
		0E4A3CEC1F1E470700C20739 /* SavedArticleView.swift in Sources */ = {isa = PBXBuildFile; fileRef = 0E4A3CEB1F1E470700C20739 /* SavedArticleView.swift */; };
		0E4A3CEF1F1E470700C20739 /* Main.storyboard in Resources */ = {isa = PBXBuildFile; fileRef = 0E4A3CED1F1E470700C20739 /* Main.storyboard */; };
		0E4A3CF11F1E470700C20739 /* Assets.xcassets in Resources */ = {isa = PBXBuildFile; fileRef = 0E4A3CF01F1E470700C20739 /* Assets.xcassets */; };
		0E4A3CF41F1E470700C20739 /* LaunchScreen.storyboard in Resources */ = {isa = PBXBuildFile; fileRef = 0E4A3CF21F1E470700C20739 /* LaunchScreen.storyboard */; };
		0E4A3CFF1F1E4AD300C20739 /* APISessionManager.swift in Sources */ = {isa = PBXBuildFile; fileRef = 0E4A3CFE1F1E4AD300C20739 /* APISessionManager.swift */; };
		0E4A3D021F1E4E7800C20739 /* DictionaryExtension.swift in Sources */ = {isa = PBXBuildFile; fileRef = 0E4A3D011F1E4E7800C20739 /* DictionaryExtension.swift */; };
		0E4A3D041F1E4F6600C20739 /* StringExtension.swift in Sources */ = {isa = PBXBuildFile; fileRef = 0E4A3D031F1E4F6600C20739 /* StringExtension.swift */; };
		0E4A3D071F1E755100C20739 /* ArticleTableViewCell.swift in Sources */ = {isa = PBXBuildFile; fileRef = 0E4A3D061F1E755100C20739 /* ArticleTableViewCell.swift */; };
		0E4A3D0A1F1E780A00C20739 /* Docs.swift in Sources */ = {isa = PBXBuildFile; fileRef = 0E4A3D091F1E780A00C20739 /* Docs.swift */; };
		0E4A3D0C1F1E9CB800C20739 /* UIImageViewExtension.swift in Sources */ = {isa = PBXBuildFile; fileRef = 0E4A3D0B1F1E9CB800C20739 /* UIImageViewExtension.swift */; };
		0E4A3D141F1EDE5800C20739 /* Identifiers.swift in Sources */ = {isa = PBXBuildFile; fileRef = 0E4A3D131F1EDE5800C20739 /* Identifiers.swift */; };
		0E4A3D161F1EE87B00C20739 /* ReaderViewController.swift in Sources */ = {isa = PBXBuildFile; fileRef = 0E4A3D151F1EE87B00C20739 /* ReaderViewController.swift */; };
		0E4A3D181F1FCF1700C20739 /* UserDefaultsExtension.swift in Sources */ = {isa = PBXBuildFile; fileRef = 0E4A3D171F1FCF1700C20739 /* UserDefaultsExtension.swift */; };
		0E4AB6921F222FAA00A609E6 /* TransitionAnimator.swift in Sources */ = {isa = PBXBuildFile; fileRef = 0E4AB6911F222FAA00A609E6 /* TransitionAnimator.swift */; };
		0E74716D1F213A7A00A764A8 /* Services.swift in Sources */ = {isa = PBXBuildFile; fileRef = 0E74716C1F213A7A00A764A8 /* Services.swift */; };
		0E9047021F1FEBFF008F10FE /* OffflineSessionManager.swift in Sources */ = {isa = PBXBuildFile; fileRef = 0E9047011F1FEBFF008F10FE /* OffflineSessionManager.swift */; };
		0E9047041F1FF01F008F10FE /* ArticleTableViewCell.xib in Resources */ = {isa = PBXBuildFile; fileRef = 0E9047031F1FF01F008F10FE /* ArticleTableViewCell.xib */; };
		0E9047321F20F37C008F10FE /* ArticleSearcherAPIDataManager.swift in Sources */ = {isa = PBXBuildFile; fileRef = 0E9047241F20F37C008F10FE /* ArticleSearcherAPIDataManager.swift */; };
		0E9047331F20F37C008F10FE /* ArticleSearcherLocalDataManager.swift in Sources */ = {isa = PBXBuildFile; fileRef = 0E9047261F20F37C008F10FE /* ArticleSearcherLocalDataManager.swift */; };
		0E9047341F20F37C008F10FE /* ArticleSearcherInteractor.swift in Sources */ = {isa = PBXBuildFile; fileRef = 0E9047281F20F37C008F10FE /* ArticleSearcherInteractor.swift */; };
		0E9047351F20F37C008F10FE /* ArticleSearcherItem.swift in Sources */ = {isa = PBXBuildFile; fileRef = 0E9047291F20F37C008F10FE /* ArticleSearcherItem.swift */; };
		0E9047361F20F37C008F10FE /* ArticleSearcherPresenter.swift in Sources */ = {isa = PBXBuildFile; fileRef = 0E90472B1F20F37C008F10FE /* ArticleSearcherPresenter.swift */; };
		0E9047371F20F37C008F10FE /* ArticleSearcherProtocols.swift in Sources */ = {isa = PBXBuildFile; fileRef = 0E90472D1F20F37C008F10FE /* ArticleSearcherProtocols.swift */; };
		0E9047381F20F37C008F10FE /* ArticleSearcherView.swift in Sources */ = {isa = PBXBuildFile; fileRef = 0E90472F1F20F37C008F10FE /* ArticleSearcherView.swift */; };
		0E9047391F20F37C008F10FE /* ArticleSearcherWireframe.swift in Sources */ = {isa = PBXBuildFile; fileRef = 0E9047311F20F37C008F10FE /* ArticleSearcherWireframe.swift */; };
		0E90473B1F211F96008F10FE /* ArticleSearcherView.xib in Resources */ = {isa = PBXBuildFile; fileRef = 0E90473A1F211F96008F10FE /* ArticleSearcherView.xib */; };
		0E90473D1F212191008F10FE /* TabBarController.swift in Sources */ = {isa = PBXBuildFile; fileRef = 0E90473C1F212191008F10FE /* TabBarController.swift */; };
		0E90475E1F212E1B008F10FE /* SavedArticleWireframe.swift in Sources */ = {isa = PBXBuildFile; fileRef = 0E90475D1F212E1B008F10FE /* SavedArticleWireframe.swift */; };
		0E9047601F2130A2008F10FE /* SavedArticleView.xib in Resources */ = {isa = PBXBuildFile; fileRef = 0E90475F1F2130A2008F10FE /* SavedArticleView.xib */; };
		96B95CF80498A6E9A10BB7FB /* Pods_ArticleSearcher.framework in Frameworks */ = {isa = PBXBuildFile; fileRef = FC33F7C0EBEE271EFCF9C676 /* Pods_ArticleSearcher.framework */; };
/* End PBXBuildFile section */

/* Begin PBXFileReference section */
		0E4A3CE41F1E470700C20739 /* ArticleSearcher.app */ = {isa = PBXFileReference; explicitFileType = wrapper.application; includeInIndex = 0; path = ArticleSearcher.app; sourceTree = BUILT_PRODUCTS_DIR; };
		0E4A3CE71F1E470700C20739 /* AppDelegate.swift */ = {isa = PBXFileReference; lastKnownFileType = sourcecode.swift; path = AppDelegate.swift; sourceTree = "<group>"; };
		0E4A3CEB1F1E470700C20739 /* SavedArticleView.swift */ = {isa = PBXFileReference; lastKnownFileType = sourcecode.swift; name = SavedArticleView.swift; path = ../../../SavedArticleView.swift; sourceTree = "<group>"; };
		0E4A3CEE1F1E470700C20739 /* Base */ = {isa = PBXFileReference; lastKnownFileType = file.storyboard; name = Base; path = Base.lproj/Main.storyboard; sourceTree = "<group>"; };
		0E4A3CF01F1E470700C20739 /* Assets.xcassets */ = {isa = PBXFileReference; lastKnownFileType = folder.assetcatalog; path = Assets.xcassets; sourceTree = "<group>"; };
		0E4A3CF31F1E470700C20739 /* Base */ = {isa = PBXFileReference; lastKnownFileType = file.storyboard; name = Base; path = Base.lproj/LaunchScreen.storyboard; sourceTree = "<group>"; };
		0E4A3CF51F1E470700C20739 /* Info.plist */ = {isa = PBXFileReference; lastKnownFileType = text.plist.xml; path = Info.plist; sourceTree = "<group>"; };
		0E4A3CFE1F1E4AD300C20739 /* APISessionManager.swift */ = {isa = PBXFileReference; fileEncoding = 4; lastKnownFileType = sourcecode.swift; path = APISessionManager.swift; sourceTree = "<group>"; };
		0E4A3D011F1E4E7800C20739 /* DictionaryExtension.swift */ = {isa = PBXFileReference; fileEncoding = 4; lastKnownFileType = sourcecode.swift; path = DictionaryExtension.swift; sourceTree = "<group>"; };
		0E4A3D031F1E4F6600C20739 /* StringExtension.swift */ = {isa = PBXFileReference; fileEncoding = 4; lastKnownFileType = sourcecode.swift; path = StringExtension.swift; sourceTree = "<group>"; };
		0E4A3D061F1E755100C20739 /* ArticleTableViewCell.swift */ = {isa = PBXFileReference; fileEncoding = 4; lastKnownFileType = sourcecode.swift; path = ArticleTableViewCell.swift; sourceTree = "<group>"; };
		0E4A3D091F1E780A00C20739 /* Docs.swift */ = {isa = PBXFileReference; fileEncoding = 4; lastKnownFileType = sourcecode.swift; path = Docs.swift; sourceTree = "<group>"; };
		0E4A3D0B1F1E9CB800C20739 /* UIImageViewExtension.swift */ = {isa = PBXFileReference; fileEncoding = 4; lastKnownFileType = sourcecode.swift; path = UIImageViewExtension.swift; sourceTree = "<group>"; };
		0E4A3D131F1EDE5800C20739 /* Identifiers.swift */ = {isa = PBXFileReference; fileEncoding = 4; lastKnownFileType = sourcecode.swift; path = Identifiers.swift; sourceTree = "<group>"; };
		0E4A3D151F1EE87B00C20739 /* ReaderViewController.swift */ = {isa = PBXFileReference; fileEncoding = 4; lastKnownFileType = sourcecode.swift; path = ReaderViewController.swift; sourceTree = "<group>"; };
		0E4A3D171F1FCF1700C20739 /* UserDefaultsExtension.swift */ = {isa = PBXFileReference; fileEncoding = 4; lastKnownFileType = sourcecode.swift; path = UserDefaultsExtension.swift; sourceTree = "<group>"; };
		0E4AB6911F222FAA00A609E6 /* TransitionAnimator.swift */ = {isa = PBXFileReference; fileEncoding = 4; lastKnownFileType = sourcecode.swift; name = TransitionAnimator.swift; path = ArticleSearcher/Animator/TransitionAnimator.swift; sourceTree = "<group>"; };
		0E74716C1F213A7A00A764A8 /* Services.swift */ = {isa = PBXFileReference; fileEncoding = 4; lastKnownFileType = sourcecode.swift; path = Services.swift; sourceTree = "<group>"; };
		0E9047011F1FEBFF008F10FE /* OffflineSessionManager.swift */ = {isa = PBXFileReference; fileEncoding = 4; lastKnownFileType = sourcecode.swift; path = OffflineSessionManager.swift; sourceTree = "<group>"; };
		0E9047031F1FF01F008F10FE /* ArticleTableViewCell.xib */ = {isa = PBXFileReference; fileEncoding = 4; lastKnownFileType = file.xib; path = ArticleTableViewCell.xib; sourceTree = "<group>"; };
		0E9047241F20F37C008F10FE /* ArticleSearcherAPIDataManager.swift */ = {isa = PBXFileReference; fileEncoding = 4; lastKnownFileType = sourcecode.swift; path = ArticleSearcherAPIDataManager.swift; sourceTree = "<group>"; };
		0E9047261F20F37C008F10FE /* ArticleSearcherLocalDataManager.swift */ = {isa = PBXFileReference; fileEncoding = 4; lastKnownFileType = sourcecode.swift; path = ArticleSearcherLocalDataManager.swift; sourceTree = "<group>"; };
		0E9047281F20F37C008F10FE /* ArticleSearcherInteractor.swift */ = {isa = PBXFileReference; fileEncoding = 4; lastKnownFileType = sourcecode.swift; path = ArticleSearcherInteractor.swift; sourceTree = "<group>"; };
		0E9047291F20F37C008F10FE /* ArticleSearcherItem.swift */ = {isa = PBXFileReference; fileEncoding = 4; lastKnownFileType = sourcecode.swift; path = ArticleSearcherItem.swift; sourceTree = "<group>"; };
		0E90472B1F20F37C008F10FE /* ArticleSearcherPresenter.swift */ = {isa = PBXFileReference; fileEncoding = 4; lastKnownFileType = sourcecode.swift; path = ArticleSearcherPresenter.swift; sourceTree = "<group>"; };
		0E90472D1F20F37C008F10FE /* ArticleSearcherProtocols.swift */ = {isa = PBXFileReference; fileEncoding = 4; lastKnownFileType = sourcecode.swift; path = ArticleSearcherProtocols.swift; sourceTree = "<group>"; };
		0E90472F1F20F37C008F10FE /* ArticleSearcherView.swift */ = {isa = PBXFileReference; fileEncoding = 4; lastKnownFileType = sourcecode.swift; path = ArticleSearcherView.swift; sourceTree = "<group>"; };
		0E9047311F20F37C008F10FE /* ArticleSearcherWireframe.swift */ = {isa = PBXFileReference; fileEncoding = 4; lastKnownFileType = sourcecode.swift; path = ArticleSearcherWireframe.swift; sourceTree = "<group>"; };
		0E90473A1F211F96008F10FE /* ArticleSearcherView.xib */ = {isa = PBXFileReference; fileEncoding = 4; lastKnownFileType = file.xib; path = ArticleSearcherView.xib; sourceTree = "<group>"; };
		0E90473C1F212191008F10FE /* TabBarController.swift */ = {isa = PBXFileReference; fileEncoding = 4; lastKnownFileType = sourcecode.swift; path = TabBarController.swift; sourceTree = "<group>"; };
		0E90475D1F212E1B008F10FE /* SavedArticleWireframe.swift */ = {isa = PBXFileReference; fileEncoding = 4; lastKnownFileType = sourcecode.swift; path = SavedArticleWireframe.swift; sourceTree = "<group>"; };
		0E90475F1F2130A2008F10FE /* SavedArticleView.xib */ = {isa = PBXFileReference; fileEncoding = 4; lastKnownFileType = file.xib; path = SavedArticleView.xib; sourceTree = "<group>"; };
		706D18118CE8FF5D476313E1 /* Pods-ArticleSearcher.debug.xcconfig */ = {isa = PBXFileReference; includeInIndex = 1; lastKnownFileType = text.xcconfig; name = "Pods-ArticleSearcher.debug.xcconfig"; path = "Pods/Target Support Files/Pods-ArticleSearcher/Pods-ArticleSearcher.debug.xcconfig"; sourceTree = "<group>"; };
		DF590A6D3140CDA1E2A0243E /* Pods-ArticleSearcher.release.xcconfig */ = {isa = PBXFileReference; includeInIndex = 1; lastKnownFileType = text.xcconfig; name = "Pods-ArticleSearcher.release.xcconfig"; path = "Pods/Target Support Files/Pods-ArticleSearcher/Pods-ArticleSearcher.release.xcconfig"; sourceTree = "<group>"; };
		FC33F7C0EBEE271EFCF9C676 /* Pods_ArticleSearcher.framework */ = {isa = PBXFileReference; explicitFileType = wrapper.framework; includeInIndex = 0; path = Pods_ArticleSearcher.framework; sourceTree = BUILT_PRODUCTS_DIR; };
/* End PBXFileReference section */

/* Begin PBXFrameworksBuildPhase section */
		0E4A3CE11F1E470700C20739 /* Frameworks */ = {
			isa = PBXFrameworksBuildPhase;
			buildActionMask = 2147483647;
			files = (
				96B95CF80498A6E9A10BB7FB /* Pods_ArticleSearcher.framework in Frameworks */,
			);
			runOnlyForDeploymentPostprocessing = 0;
		};
/* End PBXFrameworksBuildPhase section */

/* Begin PBXGroup section */
		0E4A3CDB1F1E470700C20739 = {
			isa = PBXGroup;
			children = (
				0E4A3CE61F1E470700C20739 /* ArticleSearcher */,
				0E4A3CE51F1E470700C20739 /* Products */,
				EAD3E63963143F43BE6317E7 /* Pods */,
				C2EABB45C21F483CBCF8CC5A /* Frameworks */,
			);
			sourceTree = "<group>";
		};
		0E4A3CE51F1E470700C20739 /* Products */ = {
			isa = PBXGroup;
			children = (
				0E4A3CE41F1E470700C20739 /* ArticleSearcher.app */,
			);
			name = Products;
			sourceTree = "<group>";
		};
		0E4A3CE61F1E470700C20739 /* ArticleSearcher */ = {
			isa = PBXGroup;
			children = (
				0E4AB68F1F222F7E00A609E6 /* Animator */,
				0E4A3CE71F1E470700C20739 /* AppDelegate.swift */,
				0E4A3CF01F1E470700C20739 /* Assets.xcassets */,
				0E4A3D001F1E4E5800C20739 /* Extensions */,
				0E4A3D0E1F1EDA6200C20739 /* Identifiers */,
				0E4A3CF51F1E470700C20739 /* Info.plist */,
				0E4A3CF21F1E470700C20739 /* LaunchScreen.storyboard */,
				0E4A3CED1F1E470700C20739 /* Main.storyboard */,
				0E4A3D081F1E77BE00C20739 /* Model */,
				0E4A3CFB1F1E497B00C20739 /* Network */,
				0E9047051F204C8A008F10FE /* ViewController */,
				0E4A3D051F1E753A00C20739 /* Views */,
				0E9047201F20F37C008F10FE /* ViperModules */,
			);
			path = ArticleSearcher;
			sourceTree = "<group>";
		};
		0E4A3CFB1F1E497B00C20739 /* Network */ = {
			isa = PBXGroup;
			children = (
				0E4A3CFE1F1E4AD300C20739 /* APISessionManager.swift */,
				0E9047011F1FEBFF008F10FE /* OffflineSessionManager.swift */,
				0E74716C1F213A7A00A764A8 /* Services.swift */,
			);
			name = Network;
			sourceTree = "<group>";
		};
		0E4A3D001F1E4E5800C20739 /* Extensions */ = {
			isa = PBXGroup;
			children = (
				0E4A3D011F1E4E7800C20739 /* DictionaryExtension.swift */,
				0E4A3D031F1E4F6600C20739 /* StringExtension.swift */,
				0E4A3D0B1F1E9CB800C20739 /* UIImageViewExtension.swift */,
				0E4A3D171F1FCF1700C20739 /* UserDefaultsExtension.swift */,
			);
			name = Extensions;
			sourceTree = "<group>";
		};
		0E4A3D051F1E753A00C20739 /* Views */ = {
			isa = PBXGroup;
			children = (
				0E4A3D061F1E755100C20739 /* ArticleTableViewCell.swift */,
				0E9047031F1FF01F008F10FE /* ArticleTableViewCell.xib */,
			);
			name = Views;
			sourceTree = "<group>";
		};
		0E4A3D081F1E77BE00C20739 /* Model */ = {
			isa = PBXGroup;
			children = (
				0E4A3D091F1E780A00C20739 /* Docs.swift */,
			);
			name = Model;
			sourceTree = "<group>";
		};
		0E4A3D0E1F1EDA6200C20739 /* Identifiers */ = {
			isa = PBXGroup;
			children = (
				0E4A3D131F1EDE5800C20739 /* Identifiers.swift */,
			);
			name = Identifiers;
			sourceTree = "<group>";
		};
		0E4AB68F1F222F7E00A609E6 /* Animator */ = {
			isa = PBXGroup;
			children = (
				0E4AB6911F222FAA00A609E6 /* TransitionAnimator.swift */,
			);
			name = Animator;
			path = ..;
			sourceTree = "<group>";
		};
		0E9047051F204C8A008F10FE /* ViewController */ = {
			isa = PBXGroup;
			children = (
				0E4A3D151F1EE87B00C20739 /* ReaderViewController.swift */,
				0E90473C1F212191008F10FE /* TabBarController.swift */,
			);
			name = ViewController;
			sourceTree = "<group>";
		};
		0E9047201F20F37C008F10FE /* ViperModules */ = {
			isa = PBXGroup;
			children = (
				0E90475A1F212E1B008F10FE /* ArticleSaved */,
				0E9047211F20F37C008F10FE /* ArticleSearcher */,
			);
			path = ViperModules;
			sourceTree = "<group>";
		};
		0E9047211F20F37C008F10FE /* ArticleSearcher */ = {
			isa = PBXGroup;
			children = (
				0E9047221F20F37C008F10FE /* DataManager */,
				0E9047271F20F37C008F10FE /* Interactor */,
				0E90472A1F20F37C008F10FE /* Presenter */,
				0E90472C1F20F37C008F10FE /* Protocols */,
				0E90472E1F20F37C008F10FE /* View */,
				0E9047301F20F37C008F10FE /* Wireframe */,
			);
			path = ArticleSearcher;
			sourceTree = "<group>";
		};
		0E9047221F20F37C008F10FE /* DataManager */ = {
			isa = PBXGroup;
			children = (
				0E9047231F20F37C008F10FE /* API */,
				0E9047251F20F37C008F10FE /* Local */,
			);
			path = DataManager;
			sourceTree = "<group>";
		};
		0E9047231F20F37C008F10FE /* API */ = {
			isa = PBXGroup;
			children = (
				0E9047241F20F37C008F10FE /* ArticleSearcherAPIDataManager.swift */,
			);
			path = API;
			sourceTree = "<group>";
		};
		0E9047251F20F37C008F10FE /* Local */ = {
			isa = PBXGroup;
			children = (
				0E9047261F20F37C008F10FE /* ArticleSearcherLocalDataManager.swift */,
			);
			path = Local;
			sourceTree = "<group>";
		};
		0E9047271F20F37C008F10FE /* Interactor */ = {
			isa = PBXGroup;
			children = (
				0E9047281F20F37C008F10FE /* ArticleSearcherInteractor.swift */,
				0E9047291F20F37C008F10FE /* ArticleSearcherItem.swift */,
			);
			path = Interactor;
			sourceTree = "<group>";
		};
		0E90472A1F20F37C008F10FE /* Presenter */ = {
			isa = PBXGroup;
			children = (
				0E90472B1F20F37C008F10FE /* ArticleSearcherPresenter.swift */,
			);
			path = Presenter;
			sourceTree = "<group>";
		};
		0E90472C1F20F37C008F10FE /* Protocols */ = {
			isa = PBXGroup;
			children = (
				0E90472D1F20F37C008F10FE /* ArticleSearcherProtocols.swift */,
			);
			path = Protocols;
			sourceTree = "<group>";
		};
		0E90472E1F20F37C008F10FE /* View */ = {
			isa = PBXGroup;
			children = (
				0E90472F1F20F37C008F10FE /* ArticleSearcherView.swift */,
				0E90473A1F211F96008F10FE /* ArticleSearcherView.xib */,
			);
			path = View;
			sourceTree = "<group>";
		};
		0E9047301F20F37C008F10FE /* Wireframe */ = {
			isa = PBXGroup;
			children = (
				0E9047311F20F37C008F10FE /* ArticleSearcherWireframe.swift */,
			);
			path = Wireframe;
			sourceTree = "<group>";
		};
		0E90475A1F212E1B008F10FE /* ArticleSaved */ = {
			isa = PBXGroup;
			children = (
				0E90475B1F212E1B008F10FE /* View */,
				0E90475C1F212E1B008F10FE /* Wireframe */,
			);
			path = ArticleSaved;
			sourceTree = "<group>";
		};
		0E90475B1F212E1B008F10FE /* View */ = {
			isa = PBXGroup;
			children = (
				0E4A3CEB1F1E470700C20739 /* SavedArticleView.swift */,
				0E90475F1F2130A2008F10FE /* SavedArticleView.xib */,
			);
			path = View;
			sourceTree = "<group>";
		};
		0E90475C1F212E1B008F10FE /* Wireframe */ = {
			isa = PBXGroup;
			children = (
				0E90475D1F212E1B008F10FE /* SavedArticleWireframe.swift */,
			);
			path = Wireframe;
			sourceTree = "<group>";
		};
		C2EABB45C21F483CBCF8CC5A /* Frameworks */ = {
			isa = PBXGroup;
			children = (
				FC33F7C0EBEE271EFCF9C676 /* Pods_ArticleSearcher.framework */,
			);
			name = Frameworks;
			sourceTree = "<group>";
		};
		EAD3E63963143F43BE6317E7 /* Pods */ = {
			isa = PBXGroup;
			children = (
				706D18118CE8FF5D476313E1 /* Pods-ArticleSearcher.debug.xcconfig */,
				DF590A6D3140CDA1E2A0243E /* Pods-ArticleSearcher.release.xcconfig */,
			);
			name = Pods;
			sourceTree = "<group>";
		};
/* End PBXGroup section */

/* Begin PBXNativeTarget section */
		0E4A3CE31F1E470700C20739 /* ArticleSearcher */ = {
			isa = PBXNativeTarget;
			buildConfigurationList = 0E4A3CF81F1E470700C20739 /* Build configuration list for PBXNativeTarget "ArticleSearcher" */;
			buildPhases = (
				90DAE88C845C25ABA16A9B15 /* [CP] Check Pods Manifest.lock */,
				0E4A3CE01F1E470700C20739 /* Sources */,
				0E4A3CE11F1E470700C20739 /* Frameworks */,
				0E4A3CE21F1E470700C20739 /* Resources */,
				3357764FD7386ECD0B4FFDD0 /* [CP] Embed Pods Frameworks */,
				6150DABC7DC20986C6EBA882 /* [CP] Copy Pods Resources */,
				0E4A3D0D1F1ED96600C20739 /* Run Script -- swiftsrc */,
			);
			buildRules = (
			);
			dependencies = (
			);
			name = ArticleSearcher;
			productName = ArticleSearcher;
			productReference = 0E4A3CE41F1E470700C20739 /* ArticleSearcher.app */;
			productType = "com.apple.product-type.application";
		};
/* End PBXNativeTarget section */

/* Begin PBXProject section */
		0E4A3CDC1F1E470700C20739 /* Project object */ = {
			isa = PBXProject;
			attributes = {
				LastSwiftUpdateCheck = 0830;
				LastUpgradeCheck = 0830;
				ORGANIZATIONNAME = jonas;
				TargetAttributes = {
					0E4A3CE31F1E470700C20739 = {
						CreatedOnToolsVersion = 8.3.3;
						DevelopmentTeam = 6M6R46W299;
						ProvisioningStyle = Automatic;
					};
				};
			};
			buildConfigurationList = 0E4A3CDF1F1E470700C20739 /* Build configuration list for PBXProject "ArticleSearcher" */;
			compatibilityVersion = "Xcode 3.2";
			developmentRegion = English;
			hasScannedForEncodings = 0;
			knownRegions = (
				en,
				Base,
			);
			mainGroup = 0E4A3CDB1F1E470700C20739;
			productRefGroup = 0E4A3CE51F1E470700C20739 /* Products */;
			projectDirPath = "";
			projectRoot = "";
			targets = (
				0E4A3CE31F1E470700C20739 /* ArticleSearcher */,
			);
		};
/* End PBXProject section */

/* Begin PBXResourcesBuildPhase section */
		0E4A3CE21F1E470700C20739 /* Resources */ = {
			isa = PBXResourcesBuildPhase;
			buildActionMask = 2147483647;
			files = (
				0E9047041F1FF01F008F10FE /* ArticleTableViewCell.xib in Resources */,
				0E4A3CF41F1E470700C20739 /* LaunchScreen.storyboard in Resources */,
				0E90473B1F211F96008F10FE /* ArticleSearcherView.xib in Resources */,
				0E9047601F2130A2008F10FE /* SavedArticleView.xib in Resources */,
				0E4A3CF11F1E470700C20739 /* Assets.xcassets in Resources */,
				0E4A3CEF1F1E470700C20739 /* Main.storyboard in Resources */,
			);
			runOnlyForDeploymentPostprocessing = 0;
		};
/* End PBXResourcesBuildPhase section */

/* Begin PBXShellScriptBuildPhase section */
		0E4A3D0D1F1ED96600C20739 /* Run Script -- swiftsrc */ = {
			isa = PBXShellScriptBuildPhase;
			buildActionMask = 2147483647;
			files = (
			);
			inputPaths = (
			);
			name = "Run Script -- swiftsrc";
			outputPaths = (
			);
			runOnlyForDeploymentPostprocessing = 0;
			shellPath = /bin/sh;
			shellScript = "echo \"Running swiftrsrc${SRCROOT}.\";\n\"${SRCROOT}/swiftrsrc\" generate --platform ios \"${SRCROOT}/ArticleSearcher/Assets.xcassets\" \"${SRCROOT}/ArticleSearcher/Identifiers.swift\"";
		};
		3357764FD7386ECD0B4FFDD0 /* [CP] Embed Pods Frameworks */ = {
			isa = PBXShellScriptBuildPhase;
			buildActionMask = 2147483647;
			files = (
			);
			inputPaths = (
			);
			name = "[CP] Embed Pods Frameworks";
			outputPaths = (
			);
			runOnlyForDeploymentPostprocessing = 0;
			shellPath = /bin/sh;
			shellScript = "\"${SRCROOT}/Pods/Target Support Files/Pods-ArticleSearcher/Pods-ArticleSearcher-frameworks.sh\"\n";
			showEnvVarsInLog = 0;
		};
		6150DABC7DC20986C6EBA882 /* [CP] Copy Pods Resources */ = {
			isa = PBXShellScriptBuildPhase;
			buildActionMask = 2147483647;
			files = (
			);
			inputPaths = (
			);
			name = "[CP] Copy Pods Resources";
			outputPaths = (
			);
			runOnlyForDeploymentPostprocessing = 0;
			shellPath = /bin/sh;
			shellScript = "\"${SRCROOT}/Pods/Target Support Files/Pods-ArticleSearcher/Pods-ArticleSearcher-resources.sh\"\n";
			showEnvVarsInLog = 0;
		};
		90DAE88C845C25ABA16A9B15 /* [CP] Check Pods Manifest.lock */ = {
			isa = PBXShellScriptBuildPhase;
			buildActionMask = 2147483647;
			files = (
			);
			inputPaths = (
			);
			name = "[CP] Check Pods Manifest.lock";
			outputPaths = (
			);
			runOnlyForDeploymentPostprocessing = 0;
			shellPath = /bin/sh;
			shellScript = "diff \"${PODS_PODFILE_DIR_PATH}/Podfile.lock\" \"${PODS_ROOT}/Manifest.lock\" > /dev/null\nif [ $? != 0 ] ; then\n    # print error to STDERR\n    echo \"error: The sandbox is not in sync with the Podfile.lock. Run 'pod install' or update your CocoaPods installation.\" >&2\n    exit 1\nfi\n";
			showEnvVarsInLog = 0;
		};
/* End PBXShellScriptBuildPhase section */

/* Begin PBXSourcesBuildPhase section */
		0E4A3CE01F1E470700C20739 /* Sources */ = {
			isa = PBXSourcesBuildPhase;
			buildActionMask = 2147483647;
			files = (
				0E4A3D0C1F1E9CB800C20739 /* UIImageViewExtension.swift in Sources */,
				0E9047331F20F37C008F10FE /* ArticleSearcherLocalDataManager.swift in Sources */,
				0E4A3D041F1E4F6600C20739 /* StringExtension.swift in Sources */,
				0E4A3CFF1F1E4AD300C20739 /* APISessionManager.swift in Sources */,
				0E90473D1F212191008F10FE /* TabBarController.swift in Sources */,
				0E9047361F20F37C008F10FE /* ArticleSearcherPresenter.swift in Sources */,
				0E4A3CEC1F1E470700C20739 /* SavedArticleView.swift in Sources */,
				0E4A3D0A1F1E780A00C20739 /* Docs.swift in Sources */,
				0E4A3D071F1E755100C20739 /* ArticleTableViewCell.swift in Sources */,
				0E9047341F20F37C008F10FE /* ArticleSearcherInteractor.swift in Sources */,
				0E9047321F20F37C008F10FE /* ArticleSearcherAPIDataManager.swift in Sources */,
				0E4A3D021F1E4E7800C20739 /* DictionaryExtension.swift in Sources */,
				0E74716D1F213A7A00A764A8 /* Services.swift in Sources */,
				0E9047391F20F37C008F10FE /* ArticleSearcherWireframe.swift in Sources */,
				0E4A3CE81F1E470700C20739 /* AppDelegate.swift in Sources */,
				0E9047351F20F37C008F10FE /* ArticleSearcherItem.swift in Sources */,
				0E9047381F20F37C008F10FE /* ArticleSearcherView.swift in Sources */,
				0E4AB6921F222FAA00A609E6 /* TransitionAnimator.swift in Sources */,
				0E4A3D181F1FCF1700C20739 /* UserDefaultsExtension.swift in Sources */,
				0E9047021F1FEBFF008F10FE /* OffflineSessionManager.swift in Sources */,
				0E90475E1F212E1B008F10FE /* SavedArticleWireframe.swift in Sources */,
				0E4A3D141F1EDE5800C20739 /* Identifiers.swift in Sources */,
				0E4A3D161F1EE87B00C20739 /* ReaderViewController.swift in Sources */,
				0E9047371F20F37C008F10FE /* ArticleSearcherProtocols.swift in Sources */,
			);
			runOnlyForDeploymentPostprocessing = 0;
		};
/* End PBXSourcesBuildPhase section */

/* Begin PBXVariantGroup section */
		0E4A3CED1F1E470700C20739 /* Main.storyboard */ = {
			isa = PBXVariantGroup;
			children = (
				0E4A3CEE1F1E470700C20739 /* Base */,
			);
			name = Main.storyboard;
			sourceTree = "<group>";
		};
		0E4A3CF21F1E470700C20739 /* LaunchScreen.storyboard */ = {
			isa = PBXVariantGroup;
			children = (
				0E4A3CF31F1E470700C20739 /* Base */,
			);
			name = LaunchScreen.storyboard;
			sourceTree = "<group>";
		};
/* End PBXVariantGroup section */

/* Begin XCBuildConfiguration section */
		0E4A3CF61F1E470700C20739 /* Debug */ = {
			isa = XCBuildConfiguration;
			buildSettings = {
				ALWAYS_SEARCH_USER_PATHS = NO;
				CLANG_ANALYZER_NONNULL = YES;
				CLANG_ANALYZER_NUMBER_OBJECT_CONVERSION = YES_AGGRESSIVE;
				CLANG_CXX_LANGUAGE_STANDARD = "gnu++0x";
				CLANG_CXX_LIBRARY = "libc++";
				CLANG_ENABLE_MODULES = YES;
				CLANG_ENABLE_OBJC_ARC = YES;
				CLANG_WARN_BOOL_CONVERSION = YES;
				CLANG_WARN_CONSTANT_CONVERSION = YES;
				CLANG_WARN_DIRECT_OBJC_ISA_USAGE = YES_ERROR;
				CLANG_WARN_DOCUMENTATION_COMMENTS = YES;
				CLANG_WARN_EMPTY_BODY = YES;
				CLANG_WARN_ENUM_CONVERSION = YES;
				CLANG_WARN_INFINITE_RECURSION = YES;
				CLANG_WARN_INT_CONVERSION = YES;
				CLANG_WARN_OBJC_ROOT_CLASS = YES_ERROR;
				CLANG_WARN_SUSPICIOUS_MOVE = YES;
				CLANG_WARN_UNREACHABLE_CODE = YES;
				CLANG_WARN__DUPLICATE_METHOD_MATCH = YES;
				"CODE_SIGN_IDENTITY[sdk=iphoneos*]" = "iPhone Developer";
				COPY_PHASE_STRIP = NO;
				DEBUG_INFORMATION_FORMAT = dwarf;
				ENABLE_STRICT_OBJC_MSGSEND = YES;
				ENABLE_TESTABILITY = YES;
				GCC_C_LANGUAGE_STANDARD = gnu99;
				GCC_DYNAMIC_NO_PIC = NO;
				GCC_NO_COMMON_BLOCKS = YES;
				GCC_OPTIMIZATION_LEVEL = 0;
				GCC_PREPROCESSOR_DEFINITIONS = (
					"DEBUG=1",
					"$(inherited)",
				);
				GCC_WARN_64_TO_32_BIT_CONVERSION = YES;
				GCC_WARN_ABOUT_RETURN_TYPE = YES_ERROR;
				GCC_WARN_UNDECLARED_SELECTOR = YES;
				GCC_WARN_UNINITIALIZED_AUTOS = YES_AGGRESSIVE;
				GCC_WARN_UNUSED_FUNCTION = YES;
				GCC_WARN_UNUSED_VARIABLE = YES;
				IPHONEOS_DEPLOYMENT_TARGET = 10.3;
				MTL_ENABLE_DEBUG_INFO = YES;
				ONLY_ACTIVE_ARCH = YES;
				SDKROOT = iphoneos;
				SWIFT_ACTIVE_COMPILATION_CONDITIONS = DEBUG;
				SWIFT_OPTIMIZATION_LEVEL = "-Onone";
			};
			name = Debug;
		};
		0E4A3CF71F1E470700C20739 /* Release */ = {
			isa = XCBuildConfiguration;
			buildSettings = {
				ALWAYS_SEARCH_USER_PATHS = NO;
				CLANG_ANALYZER_NONNULL = YES;
				CLANG_ANALYZER_NUMBER_OBJECT_CONVERSION = YES_AGGRESSIVE;
				CLANG_CXX_LANGUAGE_STANDARD = "gnu++0x";
				CLANG_CXX_LIBRARY = "libc++";
				CLANG_ENABLE_MODULES = YES;
				CLANG_ENABLE_OBJC_ARC = YES;
				CLANG_WARN_BOOL_CONVERSION = YES;
				CLANG_WARN_CONSTANT_CONVERSION = YES;
				CLANG_WARN_DIRECT_OBJC_ISA_USAGE = YES_ERROR;
				CLANG_WARN_DOCUMENTATION_COMMENTS = YES;
				CLANG_WARN_EMPTY_BODY = YES;
				CLANG_WARN_ENUM_CONVERSION = YES;
				CLANG_WARN_INFINITE_RECURSION = YES;
				CLANG_WARN_INT_CONVERSION = YES;
				CLANG_WARN_OBJC_ROOT_CLASS = YES_ERROR;
				CLANG_WARN_SUSPICIOUS_MOVE = YES;
				CLANG_WARN_UNREACHABLE_CODE = YES;
				CLANG_WARN__DUPLICATE_METHOD_MATCH = YES;
				"CODE_SIGN_IDENTITY[sdk=iphoneos*]" = "iPhone Developer";
				COPY_PHASE_STRIP = NO;
				DEBUG_INFORMATION_FORMAT = "dwarf-with-dsym";
				ENABLE_NS_ASSERTIONS = NO;
				ENABLE_STRICT_OBJC_MSGSEND = YES;
				GCC_C_LANGUAGE_STANDARD = gnu99;
				GCC_NO_COMMON_BLOCKS = YES;
				GCC_WARN_64_TO_32_BIT_CONVERSION = YES;
				GCC_WARN_ABOUT_RETURN_TYPE = YES_ERROR;
				GCC_WARN_UNDECLARED_SELECTOR = YES;
				GCC_WARN_UNINITIALIZED_AUTOS = YES_AGGRESSIVE;
				GCC_WARN_UNUSED_FUNCTION = YES;
				GCC_WARN_UNUSED_VARIABLE = YES;
				IPHONEOS_DEPLOYMENT_TARGET = 10.3;
				MTL_ENABLE_DEBUG_INFO = NO;
				SDKROOT = iphoneos;
				SWIFT_OPTIMIZATION_LEVEL = "-Owholemodule";
				VALIDATE_PRODUCT = YES;
			};
			name = Release;
		};
		0E4A3CF91F1E470700C20739 /* Debug */ = {
			isa = XCBuildConfiguration;
			baseConfigurationReference = 706D18118CE8FF5D476313E1 /* Pods-ArticleSearcher.debug.xcconfig */;
			buildSettings = {
				ASSETCATALOG_COMPILER_APPICON_NAME = AppIcon;
				DEVELOPMENT_TEAM = 6M6R46W299;
				INFOPLIST_FILE = ArticleSearcher/Info.plist;
				LD_RUNPATH_SEARCH_PATHS = "$(inherited) @executable_path/Frameworks";
				PRODUCT_BUNDLE_IDENTIFIER = com.jonas.ArticleSearcher;
				PRODUCT_NAME = "$(TARGET_NAME)";
				SWIFT_VERSION = 3.0;
			};
			name = Debug;
		};
		0E4A3CFA1F1E470700C20739 /* Release */ = {
			isa = XCBuildConfiguration;
			baseConfigurationReference = DF590A6D3140CDA1E2A0243E /* Pods-ArticleSearcher.release.xcconfig */;
			buildSettings = {
				ASSETCATALOG_COMPILER_APPICON_NAME = AppIcon;
				DEVELOPMENT_TEAM = 6M6R46W299;
				INFOPLIST_FILE = ArticleSearcher/Info.plist;
				LD_RUNPATH_SEARCH_PATHS = "$(inherited) @executable_path/Frameworks";
				PRODUCT_BUNDLE_IDENTIFIER = com.jonas.ArticleSearcher;
				PRODUCT_NAME = "$(TARGET_NAME)";
				SWIFT_VERSION = 3.0;
			};
			name = Release;
		};
/* End XCBuildConfiguration section */

/* Begin XCConfigurationList section */
		0E4A3CDF1F1E470700C20739 /* Build configuration list for PBXProject "ArticleSearcher" */ = {
			isa = XCConfigurationList;
			buildConfigurations = (
				0E4A3CF61F1E470700C20739 /* Debug */,
				0E4A3CF71F1E470700C20739 /* Release */,
			);
			defaultConfigurationIsVisible = 0;
			defaultConfigurationName = Release;
		};
		0E4A3CF81F1E470700C20739 /* Build configuration list for PBXNativeTarget "ArticleSearcher" */ = {
			isa = XCConfigurationList;
			buildConfigurations = (
				0E4A3CF91F1E470700C20739 /* Debug */,
				0E4A3CFA1F1E470700C20739 /* Release */,
			);
			defaultConfigurationIsVisible = 0;
			defaultConfigurationName = Release;
		};
/* End XCConfigurationList section */
	};
	rootObject = 0E4A3CDC1F1E470700C20739 /* Project object */;
}
